
Microsoft Visual Studio Solution File, Format Version 12.00
# Visual Studio Version 16
VisualStudioVersion = 16.0.31515.178
MinimumVisualStudioVersion = 10.0.40219.1
Project("{FAE04EC0-301F-11D3-BF4B-00C04F79EFBC}") = "MyGameStore", "MyGameStore\MyGameStore.csproj", "{829B80FA-455C-4C17-BD0B-452D0E1BA83A}"
EndProject
Global
	GlobalSection(SolutionConfigurationPlatforms) = preSolution
		Debug|Any CPU = Debug|Any CPU
		Release|Any CPU = Release|Any CPU
	EndGlobalSection
	GlobalSection(ProjectConfigurationPlatforms) = postSolution
		{829B80FA-455C-4C17-BD0B-452D0E1BA83A}.Debug|Any CPU.ActiveCfg = Debug|Any CPU
		{829B80FA-455C-4C17-BD0B-452D0E1BA83A}.Debug|Any CPU.Build.0 = Debug|Any CPU
		{829B80FA-455C-4C17-BD0B-452D0E1BA83A}.Release|Any CPU.ActiveCfg = Release|Any CPU
		{829B80FA-455C-4C17-BD0B-452D0E1BA83A}.Release|Any CPU.Build.0 = Release|Any CPU
	EndGlobalSection
	GlobalSection(SolutionProperties) = preSolution
		HideSolutionNode = FALSE
	EndGlobalSection
	GlobalSection(ExtensibilityGlobals) = postSolution
		SolutionGuid = {24BA361B-28FB-4727-864C-1CF5D583164E}
	EndGlobalSection
EndGlobal
